
Microsoft Visual Studio Solution File, Format Version 12.00
# Visual Studio Version 17
VisualStudioVersion = 17.2.32516.85
MinimumVisualStudioVersion = 10.0.40219.1
Project("{FAE04EC0-301F-11D3-BF4B-00C04F79EFBC}") = "Server", "Server\Server.csproj", "{0F57B15F-BC27-4264-91AD-463588DD0515}"
EndProject
Global
	GlobalSection(SolutionConfigurationPlatforms) = preSolution
		Debug|Any CPU = Debug|Any CPU
		Release|Any CPU = Release|Any CPU
	EndGlobalSection
	GlobalSection(ProjectConfigurationPlatforms) = postSolution
		{0F57B15F-BC27-4264-91AD-463588DD0515}.Debug|Any CPU.ActiveCfg = Debug|Any CPU
		{0F57B15F-BC27-4264-91AD-463588DD0515}.Debug|Any CPU.Build.0 = Debug|Any CPU
		{0F57B15F-BC27-4264-91AD-463588DD0515}.Release|Any CPU.ActiveCfg = Release|Any CPU
		{0F57B15F-BC27-4264-91AD-463588DD0515}.Release|Any CPU.Build.0 = Release|Any CPU
	EndGlobalSection
	GlobalSection(SolutionProperties) = preSolution
		HideSolutionNode = FALSE
	EndGlobalSection
	GlobalSection(ExtensibilityGlobals) = postSolution
		SolutionGuid = {9EA36DC6-D9D1-43F3-B11E-5A586CC49A9D}
	EndGlobalSection
EndGlobal
